
Microsoft Visual Studio Solution File, Format Version 12.00
# Visual Studio Version 16
VisualStudioVersion = 16.0.31829.152
MinimumVisualStudioVersion = 10.0.40219.1
Project("{FAE04EC0-301F-11D3-BF4B-00C04F79EFBC}") = "lab12", "lab12\lab12.csproj", "{E585E02F-1186-4E03-9297-8F229A8BD1D5}"
EndProject
Global
	GlobalSection(SolutionConfigurationPlatforms) = preSolution
		Debug|Any CPU = Debug|Any CPU
		Release|Any CPU = Release|Any CPU
	EndGlobalSection
	GlobalSection(ProjectConfigurationPlatforms) = postSolution
		{E585E02F-1186-4E03-9297-8F229A8BD1D5}.Debug|Any CPU.ActiveCfg = Debug|Any CPU
		{E585E02F-1186-4E03-9297-8F229A8BD1D5}.Debug|Any CPU.Build.0 = Debug|Any CPU
		{E585E02F-1186-4E03-9297-8F229A8BD1D5}.Release|Any CPU.ActiveCfg = Release|Any CPU
		{E585E02F-1186-4E03-9297-8F229A8BD1D5}.Release|Any CPU.Build.0 = Release|Any CPU
	EndGlobalSection
	GlobalSection(SolutionProperties) = preSolution
		HideSolutionNode = FALSE
	EndGlobalSection
	GlobalSection(ExtensibilityGlobals) = postSolution
		SolutionGuid = {28C7EEAA-0BAA-4E7D-9A5D-BB1AAA09465B}
	EndGlobalSection
EndGlobal
